
Microsoft Visual Studio Solution File, Format Version 12.00
Project("{FAE04EC0-301F-11D3-BF4B-00C04F79EFBC}") = "Casus_Programmeren", "Casus_Programmeren\Casus_Programmeren.csproj", "{6E5B7E46-1145-468E-9144-5FD88C676CC1}"
EndProject
Global
	GlobalSection(SolutionConfigurationPlatforms) = preSolution
		Debug|Any CPU = Debug|Any CPU
		Release|Any CPU = Release|Any CPU
	EndGlobalSection
	GlobalSection(ProjectConfigurationPlatforms) = postSolution
		{6E5B7E46-1145-468E-9144-5FD88C676CC1}.Debug|Any CPU.ActiveCfg = Debug|Any CPU
		{6E5B7E46-1145-468E-9144-5FD88C676CC1}.Debug|Any CPU.Build.0 = Debug|Any CPU
		{6E5B7E46-1145-468E-9144-5FD88C676CC1}.Release|Any CPU.ActiveCfg = Release|Any CPU
		{6E5B7E46-1145-468E-9144-5FD88C676CC1}.Release|Any CPU.Build.0 = Release|Any CPU
	EndGlobalSection
EndGlobal
